go.etcd.io/bbolt v1.4.3 h1:dEadXpI6G79deX5prL3QRNP6JB8UxVkqo4UPnHaNXJo=
go.etcd.io/bbolt v1.4.3/go.mod h1:tKQlpPaYCVFctUIgFKFnAlvbmB3tpy1vkTnDWohtc0E=
golang.org/x/sys v0.46.0 h1:noSf2Fq6F8DBgS+LysIkx7rIExoNHJsxOAtPp4rthXw=
golang.org/x/sys v0.46.0/go.mod h1:4GL1E5IUh+htKOUEOaiffhrAeqysfVGipDYzABqnCmw=
